
Microsoft Visual Studio Solution File, Format Version 12.00
# Visual Studio Version 16
VisualStudioVersion = 16.0.29009.5
MinimumVisualStudioVersion = 10.0.40219.1
Project("{FAE04EC0-301F-11D3-BF4B-00C04F79EFBC}") = "Selenium.Essentials", "Selenium.Essentials\Selenium.Essentials.csproj", "{27CE1B00-1816-4458-A359-917C92F84E11}"
EndProject
Global
	GlobalSection(SolutionConfigurationPlatforms) = preSolution
		Debug|Any CPU = Debug|Any CPU
		Release|Any CPU = Release|Any CPU
	EndGlobalSection
	GlobalSection(ProjectConfigurationPlatforms) = postSolution
		{27CE1B00-1816-4458-A359-917C92F84E11}.Debug|Any CPU.ActiveCfg = Debug|Any CPU
		{27CE1B00-1816-4458-A359-917C92F84E11}.Debug|Any CPU.Build.0 = Debug|Any CPU
		{27CE1B00-1816-4458-A359-917C92F84E11}.Release|Any CPU.ActiveCfg = Release|Any CPU
		{27CE1B00-1816-4458-A359-917C92F84E11}.Release|Any CPU.Build.0 = Release|Any CPU
	EndGlobalSection
	GlobalSection(SolutionProperties) = preSolution
		HideSolutionNode = FALSE
	EndGlobalSection
	GlobalSection(ExtensibilityGlobals) = postSolution
		SolutionGuid = {5C69A512-BFBE-4918-83A1-44029E2CA372}
	EndGlobalSection
EndGlobal
