
Microsoft Visual Studio Solution File, Format Version 12.00
# Visual Studio Version 16
VisualStudioVersion = 16.0.29009.5
MinimumVisualStudioVersion = 10.0.40219.1
Project("{9A19103F-16F7-4668-BE54-9A1E7A4F7556}") = "Selenium.Essentials", "Selenium.Essentials.csproj", "{27CE1B00-1816-4458-A359-917C92F84E11}"
EndProject
Project("{9A19103F-16F7-4668-BE54-9A1E7A4F7556}") = "Selenium.Essentials.IntegrationTests", "..\..\test\Selenium.Essentials.IntegrationTests\Selenium.Essentials.IntegrationTests.csproj", "{C2B64DE7-8890-4083-99B1-4511500FD791}"
EndProject
Project("{2150E333-8FDC-42A3-9474-1A3956D46DE8}") = "tests", "tests", "{121D6272-9570-4605-A213-2519279F15AD}"
EndProject
Project("{9A19103F-16F7-4668-BE54-9A1E7A4F7556}") = "Selenium.Essentials.UnitTests", "..\..\test\Selenium.Essentials.UnitTests\Selenium.Essentials.UnitTests.csproj", "{9F4414B9-6137-4F7B-9681-4885484E06C5}"
EndProject
Project("{2150E333-8FDC-42A3-9474-1A3956D46DE8}") = "examples", "examples", "{4531139D-431F-4C79-A988-6624F5FCF430}"
EndProject
Project("{9A19103F-16F7-4668-BE54-9A1E7A4F7556}") = "Selenium.Essentials.SampleTest", "..\..\example\Selenium.Essentials.SampleTest\Selenium.Essentials.SampleTest.csproj", "{B8AC8A3A-7340-46C5-975A-CEFE2772B98C}"
EndProject
Project("{9A19103F-16F7-4668-BE54-9A1E7A4F7556}") = "TestAny.Essentials.Api", "..\TestAny.Essentials.Api\TestAny.Essentials.Api.csproj", "{3CB187F1-C8FD-4CBE-8964-D5C927F7A2FD}"
EndProject
Project("{FAE04EC0-301F-11D3-BF4B-00C04F79EFBC}") = "TestAny.Essentials.Core", "..\TestAny.Essentials.Core\TestAny.Essentials.Core.csproj", "{D36EC384-046F-458A-AE18-EEEBA420C6AD}"
EndProject
Global
	GlobalSection(SolutionConfigurationPlatforms) = preSolution
		Debug|Any CPU = Debug|Any CPU
		Release|Any CPU = Release|Any CPU
	EndGlobalSection
	GlobalSection(ProjectConfigurationPlatforms) = postSolution
		{27CE1B00-1816-4458-A359-917C92F84E11}.Debug|Any CPU.ActiveCfg = Debug|Any CPU
		{27CE1B00-1816-4458-A359-917C92F84E11}.Debug|Any CPU.Build.0 = Debug|Any CPU
		{27CE1B00-1816-4458-A359-917C92F84E11}.Release|Any CPU.ActiveCfg = Release|Any CPU
		{27CE1B00-1816-4458-A359-917C92F84E11}.Release|Any CPU.Build.0 = Release|Any CPU
		{C2B64DE7-8890-4083-99B1-4511500FD791}.Debug|Any CPU.ActiveCfg = Debug|Any CPU
		{C2B64DE7-8890-4083-99B1-4511500FD791}.Debug|Any CPU.Build.0 = Debug|Any CPU
		{C2B64DE7-8890-4083-99B1-4511500FD791}.Release|Any CPU.ActiveCfg = Release|Any CPU
		{C2B64DE7-8890-4083-99B1-4511500FD791}.Release|Any CPU.Build.0 = Release|Any CPU
		{9F4414B9-6137-4F7B-9681-4885484E06C5}.Debug|Any CPU.ActiveCfg = Debug|Any CPU
		{9F4414B9-6137-4F7B-9681-4885484E06C5}.Debug|Any CPU.Build.0 = Debug|Any CPU
		{9F4414B9-6137-4F7B-9681-4885484E06C5}.Release|Any CPU.ActiveCfg = Release|Any CPU
		{9F4414B9-6137-4F7B-9681-4885484E06C5}.Release|Any CPU.Build.0 = Release|Any CPU
		{B8AC8A3A-7340-46C5-975A-CEFE2772B98C}.Debug|Any CPU.ActiveCfg = Debug|Any CPU
		{B8AC8A3A-7340-46C5-975A-CEFE2772B98C}.Debug|Any CPU.Build.0 = Debug|Any CPU
		{B8AC8A3A-7340-46C5-975A-CEFE2772B98C}.Release|Any CPU.ActiveCfg = Release|Any CPU
		{B8AC8A3A-7340-46C5-975A-CEFE2772B98C}.Release|Any CPU.Build.0 = Release|Any CPU
		{3CB187F1-C8FD-4CBE-8964-D5C927F7A2FD}.Debug|Any CPU.ActiveCfg = Debug|Any CPU
		{3CB187F1-C8FD-4CBE-8964-D5C927F7A2FD}.Debug|Any CPU.Build.0 = Debug|Any CPU
		{3CB187F1-C8FD-4CBE-8964-D5C927F7A2FD}.Release|Any CPU.ActiveCfg = Release|Any CPU
		{3CB187F1-C8FD-4CBE-8964-D5C927F7A2FD}.Release|Any CPU.Build.0 = Release|Any CPU
		{D36EC384-046F-458A-AE18-EEEBA420C6AD}.Debug|Any CPU.ActiveCfg = Debug|Any CPU
		{D36EC384-046F-458A-AE18-EEEBA420C6AD}.Debug|Any CPU.Build.0 = Debug|Any CPU
		{D36EC384-046F-458A-AE18-EEEBA420C6AD}.Release|Any CPU.ActiveCfg = Release|Any CPU
		{D36EC384-046F-458A-AE18-EEEBA420C6AD}.Release|Any CPU.Build.0 = Release|Any CPU
	EndGlobalSection
	GlobalSection(SolutionProperties) = preSolution
		HideSolutionNode = FALSE
	EndGlobalSection
	GlobalSection(NestedProjects) = preSolution
		{C2B64DE7-8890-4083-99B1-4511500FD791} = {121D6272-9570-4605-A213-2519279F15AD}
		{9F4414B9-6137-4F7B-9681-4885484E06C5} = {121D6272-9570-4605-A213-2519279F15AD}
		{B8AC8A3A-7340-46C5-975A-CEFE2772B98C} = {4531139D-431F-4C79-A988-6624F5FCF430}
	EndGlobalSection
	GlobalSection(ExtensibilityGlobals) = postSolution
		SolutionGuid = {5C69A512-BFBE-4918-83A1-44029E2CA372}
	EndGlobalSection
EndGlobal
